packages:
  - name: dbt_utils
    package: dbt-labs/dbt_utils
    version: 1.1.1
  - name: dbt_date
    package: godatadriven/dbt_date
    version: 0.10.0
  - git: https://github.com/dbt-labs/dbt-audit-helper.git
    name: audit_helper
    revision: 014af559efd9dd1fa6551cb348fcc6d4def9a1e7
  - git: https://{{env_var('DBT_ENV_SECRET')}}@github.com/dbt-labs/model-build-reporter.git
    name: dbt_model_build_reporter
    revision: 7ba54a63f5a551a7df25998b81556db50658e4e4
sha1_hash: 21b86e78c81e78060fad81963886f74abb34304f
